
Microsoft Visual Studio Solution File, Format Version 12.00
# Visual Studio Version 17
VisualStudioVersion = 17.14.35821.254
MinimumVisualStudioVersion = 10.0.40219.1
Project("{FAE04EC0-301F-11D3-BF4B-00C04F79EFBC}") = "GitHubActionsTestLogger", "GitHubActionsTestLogger\GitHubActionsTestLogger.csproj", "{FF25D237-FBD6-4DD9-8275-DDD752647647}"
EndProject
Project("{2150E333-8FDC-42A3-9474-1A3956D46DE8}") = "Misc", "Misc", "{71B00042-147C-45E0-AD34-9B6841E665E3}"
	ProjectSection(SolutionItems) = preProject
		Directory.Build.props = Directory.Build.props
		License.txt = License.txt
		Readme.md = Readme.md
	EndProjectSection
EndProject
Project("{FAE04EC0-301F-11D3-BF4B-00C04F79EFBC}") = "GitHubActionsTestLogger.Tests", "GitHubActionsTestLogger.Tests\GitHubActionsTestLogger.Tests.csproj", "{AB9190BD-F358-4765-9068-A1EEB668463B}"
EndProject
Project("{FAE04EC0-301F-11D3-BF4B-00C04F79EFBC}") = "GitHubActionsTestLogger.Demo.MTP", "GitHubActionsTestLogger.Demo.MTP\GitHubActionsTestLogger.Demo.MTP.csproj", "{8608C7C9-4E71-A8AB-22C1-4BCECC099306}"
EndProject
Project("{FAE04EC0-301F-11D3-BF4B-00C04F79EFBC}") = "GitHubActionsTestLogger.Demo", "GitHubActionsTestLogger.Demo\GitHubActionsTestLogger.Demo.csproj", "{763C698C-07CA-BC3E-CC44-1C9C342A80B7}"
EndProject
Global
	GlobalSection(SolutionConfigurationPlatforms) = preSolution
		Debug|Any CPU = Debug|Any CPU
		Release|Any CPU = Release|Any CPU
	EndGlobalSection
	GlobalSection(ProjectConfigurationPlatforms) = postSolution
		{FF25D237-FBD6-4DD9-8275-DDD752647647}.Debug|Any CPU.ActiveCfg = Debug|Any CPU
		{FF25D237-FBD6-4DD9-8275-DDD752647647}.Debug|Any CPU.Build.0 = Debug|Any CPU
		{FF25D237-FBD6-4DD9-8275-DDD752647647}.Release|Any CPU.ActiveCfg = Release|Any CPU
		{FF25D237-FBD6-4DD9-8275-DDD752647647}.Release|Any CPU.Build.0 = Release|Any CPU
		{AB9190BD-F358-4765-9068-A1EEB668463B}.Debug|Any CPU.ActiveCfg = Debug|Any CPU
		{AB9190BD-F358-4765-9068-A1EEB668463B}.Debug|Any CPU.Build.0 = Debug|Any CPU
		{AB9190BD-F358-4765-9068-A1EEB668463B}.Release|Any CPU.ActiveCfg = Release|Any CPU
		{AB9190BD-F358-4765-9068-A1EEB668463B}.Release|Any CPU.Build.0 = Release|Any CPU
		{8608C7C9-4E71-A8AB-22C1-4BCECC099306}.Debug|Any CPU.ActiveCfg = Debug|Any CPU
		{8608C7C9-4E71-A8AB-22C1-4BCECC099306}.Debug|Any CPU.Build.0 = Debug|Any CPU
		{8608C7C9-4E71-A8AB-22C1-4BCECC099306}.Release|Any CPU.ActiveCfg = Release|Any CPU
		{8608C7C9-4E71-A8AB-22C1-4BCECC099306}.Release|Any CPU.Build.0 = Release|Any CPU
		{763C698C-07CA-BC3E-CC44-1C9C342A80B7}.Debug|Any CPU.ActiveCfg = Debug|Any CPU
		{763C698C-07CA-BC3E-CC44-1C9C342A80B7}.Debug|Any CPU.Build.0 = Debug|Any CPU
		{763C698C-07CA-BC3E-CC44-1C9C342A80B7}.Release|Any CPU.ActiveCfg = Release|Any CPU
		{763C698C-07CA-BC3E-CC44-1C9C342A80B7}.Release|Any CPU.Build.0 = Release|Any CPU
	EndGlobalSection
	GlobalSection(SolutionProperties) = preSolution
		HideSolutionNode = FALSE
	EndGlobalSection
	GlobalSection(ExtensibilityGlobals) = postSolution
		SolutionGuid = {F5E50162-DEC7-488C-8B73-A61E7AA9C348}
	EndGlobalSection
EndGlobal
