
Microsoft Visual Studio Solution File, Format Version 12.00
Project("{FAE04EC0-301F-11D3-BF4B-00C04F79EFBC}") = "GitHubActionsTestLogger", "GitHubActionsTestLogger\GitHubActionsTestLogger.csproj", "{FF25D237-FBD6-4DD9-8275-DDD752647647}"
EndProject
Project("{2150E333-8FDC-42A3-9474-1A3956D46DE8}") = "Misc", "Misc", "{71B00042-147C-45E0-AD34-9B6841E665E3}"
ProjectSection(SolutionItems) = preProject
	Changelog.md = Changelog.md
	License.txt = License.txt
	Readme.md = Readme.md
	GitHubActionsTestLogger.props = GitHubActionsTestLogger.props
EndProjectSection
EndProject
Project("{FAE04EC0-301F-11D3-BF4B-00C04F79EFBC}") = "GitHubActionsTestLogger.Tests", "GitHubActionsTestLogger.Tests\GitHubActionsTestLogger.Tests.csproj", "{AB9190BD-F358-4765-9068-A1EEB668463B}"
EndProject
Global
	GlobalSection(SolutionConfigurationPlatforms) = preSolution
		Debug|Any CPU = Debug|Any CPU
		Release|Any CPU = Release|Any CPU
	EndGlobalSection
	GlobalSection(ProjectConfigurationPlatforms) = postSolution
		{FF25D237-FBD6-4DD9-8275-DDD752647647}.Debug|Any CPU.ActiveCfg = Debug|Any CPU
		{FF25D237-FBD6-4DD9-8275-DDD752647647}.Debug|Any CPU.Build.0 = Debug|Any CPU
		{FF25D237-FBD6-4DD9-8275-DDD752647647}.Release|Any CPU.ActiveCfg = Release|Any CPU
		{FF25D237-FBD6-4DD9-8275-DDD752647647}.Release|Any CPU.Build.0 = Release|Any CPU
		{AB9190BD-F358-4765-9068-A1EEB668463B}.Debug|Any CPU.ActiveCfg = Debug|Any CPU
		{AB9190BD-F358-4765-9068-A1EEB668463B}.Debug|Any CPU.Build.0 = Debug|Any CPU
		{AB9190BD-F358-4765-9068-A1EEB668463B}.Release|Any CPU.ActiveCfg = Release|Any CPU
		{AB9190BD-F358-4765-9068-A1EEB668463B}.Release|Any CPU.Build.0 = Release|Any CPU
	EndGlobalSection
EndGlobal
